
Microsoft Visual Studio Solution File, Format Version 12.00
# Visual Studio 2013
VisualStudioVersion = 12.0.21005.1
MinimumVisualStudioVersion = 10.0.40219.1
Project("{FAE04EC0-301F-11D3-BF4B-00C04F79EFBC}") = "exponents", "exponents\exponents.csproj", "{B91CE11C-0FEE-4B11-8E27-7FAA54EB9346}"
EndProject
Project("{FAE04EC0-301F-11D3-BF4B-00C04F79EFBC}") = "GCD", "GCD\GCD.csproj", "{BAE24306-B89E-41F4-A961-59CE012D7661}"
EndProject
Project("{FAE04EC0-301F-11D3-BF4B-00C04F79EFBC}") = "Primality", "Primality\Primality.csproj", "{3207FFE1-A713-4483-8F45-E84FC9CD59F4}"
EndProject
Project("{FAE04EC0-301F-11D3-BF4B-00C04F79EFBC}") = "RSA", "RSA\RSA.csproj", "{2CE6272E-3616-4A7B-B82A-4C584CF9A7A0}"
EndProject
Global
	GlobalSection(SolutionConfigurationPlatforms) = preSolution
		Debug|Any CPU = Debug|Any CPU
		Release|Any CPU = Release|Any CPU
	EndGlobalSection
	GlobalSection(ProjectConfigurationPlatforms) = postSolution
		{B91CE11C-0FEE-4B11-8E27-7FAA54EB9346}.Debug|Any CPU.ActiveCfg = Debug|Any CPU
		{B91CE11C-0FEE-4B11-8E27-7FAA54EB9346}.Debug|Any CPU.Build.0 = Debug|Any CPU
		{B91CE11C-0FEE-4B11-8E27-7FAA54EB9346}.Release|Any CPU.ActiveCfg = Release|Any CPU
		{B91CE11C-0FEE-4B11-8E27-7FAA54EB9346}.Release|Any CPU.Build.0 = Release|Any CPU
		{BAE24306-B89E-41F4-A961-59CE012D7661}.Debug|Any CPU.ActiveCfg = Debug|Any CPU
		{BAE24306-B89E-41F4-A961-59CE012D7661}.Debug|Any CPU.Build.0 = Debug|Any CPU
		{BAE24306-B89E-41F4-A961-59CE012D7661}.Release|Any CPU.ActiveCfg = Release|Any CPU
		{BAE24306-B89E-41F4-A961-59CE012D7661}.Release|Any CPU.Build.0 = Release|Any CPU
		{3207FFE1-A713-4483-8F45-E84FC9CD59F4}.Debug|Any CPU.ActiveCfg = Debug|Any CPU
		{3207FFE1-A713-4483-8F45-E84FC9CD59F4}.Debug|Any CPU.Build.0 = Debug|Any CPU
		{3207FFE1-A713-4483-8F45-E84FC9CD59F4}.Release|Any CPU.ActiveCfg = Release|Any CPU
		{3207FFE1-A713-4483-8F45-E84FC9CD59F4}.Release|Any CPU.Build.0 = Release|Any CPU
		{2CE6272E-3616-4A7B-B82A-4C584CF9A7A0}.Debug|Any CPU.ActiveCfg = Debug|Any CPU
		{2CE6272E-3616-4A7B-B82A-4C584CF9A7A0}.Debug|Any CPU.Build.0 = Debug|Any CPU
		{2CE6272E-3616-4A7B-B82A-4C584CF9A7A0}.Release|Any CPU.ActiveCfg = Release|Any CPU
		{2CE6272E-3616-4A7B-B82A-4C584CF9A7A0}.Release|Any CPU.Build.0 = Release|Any CPU
	EndGlobalSection
	GlobalSection(SolutionProperties) = preSolution
		HideSolutionNode = FALSE
	EndGlobalSection
EndGlobal
