
Microsoft Visual Studio Solution File, Format Version 12.00
# Visual Studio 2013
VisualStudioVersion = 12.0.21005.1
MinimumVisualStudioVersion = 10.0.40219.1
Project("{FAE04EC0-301F-11D3-BF4B-00C04F79EFBC}") = "Longest increasing subsequence", "Longest increasing subsequence\Longest increasing subsequence.csproj", "{FBE3AA0A-CFE4-4327-8934-9085D3CBEA62}"
EndProject
Project("{FAE04EC0-301F-11D3-BF4B-00C04F79EFBC}") = "Edit Distance", "Edit Distance\Edit Distance.csproj", "{6F40E867-37F7-4837-9EB1-20E9D3A20C8C}"
EndProject
Global
	GlobalSection(SolutionConfigurationPlatforms) = preSolution
		Debug|Any CPU = Debug|Any CPU
		Release|Any CPU = Release|Any CPU
	EndGlobalSection
	GlobalSection(ProjectConfigurationPlatforms) = postSolution
		{FBE3AA0A-CFE4-4327-8934-9085D3CBEA62}.Debug|Any CPU.ActiveCfg = Debug|Any CPU
		{FBE3AA0A-CFE4-4327-8934-9085D3CBEA62}.Debug|Any CPU.Build.0 = Debug|Any CPU
		{FBE3AA0A-CFE4-4327-8934-9085D3CBEA62}.Release|Any CPU.ActiveCfg = Release|Any CPU
		{FBE3AA0A-CFE4-4327-8934-9085D3CBEA62}.Release|Any CPU.Build.0 = Release|Any CPU
		{6F40E867-37F7-4837-9EB1-20E9D3A20C8C}.Debug|Any CPU.ActiveCfg = Debug|Any CPU
		{6F40E867-37F7-4837-9EB1-20E9D3A20C8C}.Debug|Any CPU.Build.0 = Debug|Any CPU
		{6F40E867-37F7-4837-9EB1-20E9D3A20C8C}.Release|Any CPU.ActiveCfg = Release|Any CPU
		{6F40E867-37F7-4837-9EB1-20E9D3A20C8C}.Release|Any CPU.Build.0 = Release|Any CPU
	EndGlobalSection
	GlobalSection(SolutionProperties) = preSolution
		HideSolutionNode = FALSE
	EndGlobalSection
EndGlobal
